// !$*UTF8*$!
{
	archiveVersion = 1;
	classes = {
	};
	objectVersion = 50;
	objects = {

/* Begin PBXBuildFile section */
		07B8743622BBC27800D45EF1 /* AppDelegate.swift in Sources */ = {isa = PBXBuildFile; fileRef = 07B8743522BBC27800D45EF1 /* AppDelegate.swift */; };
		07B8743822BBC27800D45EF1 /* ViewController.swift in Sources */ = {isa = PBXBuildFile; fileRef = 07B8743722BBC27800D45EF1 /* ViewController.swift */; };
		07B8743B22BBC27800D45EF1 /* Main.storyboard in Resources */ = {isa = PBXBuildFile; fileRef = 07B8743922BBC27800D45EF1 /* Main.storyboard */; };
		07B8743D22BBC27B00D45EF1 /* Assets.xcassets in Resources */ = {isa = PBXBuildFile; fileRef = 07B8743C22BBC27B00D45EF1 /* Assets.xcassets */; };
		07B8744022BBC27B00D45EF1 /* LaunchScreen.storyboard in Resources */ = {isa = PBXBuildFile; fileRef = 07B8743E22BBC27B00D45EF1 /* LaunchScreen.storyboard */; };
		07B8744A22BBC39900D45EF1 /* SBActivityIndicatorView.swift in Sources */ = {isa = PBXBuildFile; fileRef = 07B8744822BBC39900D45EF1 /* SBActivityIndicatorView.swift */; };
		07B8744B22BBC39900D45EF1 /* SBActivityIndicatorView.xib in Resources */ = {isa = PBXBuildFile; fileRef = 07B8744922BBC39900D45EF1 /* SBActivityIndicatorView.xib */; };
/* End PBXBuildFile section */

/* Begin PBXFileReference section */
		07B8743222BBC27800D45EF1 /* SBActivityIndicator.app */ = {isa = PBXFileReference; explicitFileType = wrapper.application; includeInIndex = 0; path = SBActivityIndicator.app; sourceTree = BUILT_PRODUCTS_DIR; };
		07B8743522BBC27800D45EF1 /* AppDelegate.swift */ = {isa = PBXFileReference; lastKnownFileType = sourcecode.swift; path = AppDelegate.swift; sourceTree = "<group>"; };
		07B8743722BBC27800D45EF1 /* ViewController.swift */ = {isa = PBXFileReference; lastKnownFileType = sourcecode.swift; path = ViewController.swift; sourceTree = "<group>"; };
		07B8743A22BBC27800D45EF1 /* Base */ = {isa = PBXFileReference; lastKnownFileType = file.storyboard; name = Base; path = Base.lproj/Main.storyboard; sourceTree = "<group>"; };
		07B8743C22BBC27B00D45EF1 /* Assets.xcassets */ = {isa = PBXFileReference; lastKnownFileType = folder.assetcatalog; path = Assets.xcassets; sourceTree = "<group>"; };
		07B8743F22BBC27B00D45EF1 /* Base */ = {isa = PBXFileReference; lastKnownFileType = file.storyboard; name = Base; path = Base.lproj/LaunchScreen.storyboard; sourceTree = "<group>"; };
		07B8744122BBC27B00D45EF1 /* Info.plist */ = {isa = PBXFileReference; lastKnownFileType = text.plist.xml; path = Info.plist; sourceTree = "<group>"; };
		07B8744822BBC39900D45EF1 /* SBActivityIndicatorView.swift */ = {isa = PBXFileReference; fileEncoding = 4; lastKnownFileType = sourcecode.swift; path = SBActivityIndicatorView.swift; sourceTree = "<group>"; };
		07B8744922BBC39900D45EF1 /* SBActivityIndicatorView.xib */ = {isa = PBXFileReference; fileEncoding = 4; lastKnownFileType = file.xib; path = SBActivityIndicatorView.xib; sourceTree = "<group>"; };
/* End PBXFileReference section */

/* Begin PBXFrameworksBuildPhase section */
		07B8742F22BBC27800D45EF1 /* Frameworks */ = {
			isa = PBXFrameworksBuildPhase;
			buildActionMask = 2147483647;
			files = (
			);
			runOnlyForDeploymentPostprocessing = 0;
		};
/* End PBXFrameworksBuildPhase section */

/* Begin PBXGroup section */
		07B8742922BBC27800D45EF1 = {
			isa = PBXGroup;
			children = (
				07B8743422BBC27800D45EF1 /* SBActivityIndicator */,
				07B8743322BBC27800D45EF1 /* Products */,
			);
			sourceTree = "<group>";
		};
		07B8743322BBC27800D45EF1 /* Products */ = {
			isa = PBXGroup;
			children = (
				07B8743222BBC27800D45EF1 /* SBActivityIndicator.app */,
			);
			name = Products;
			sourceTree = "<group>";
		};
		07B8743422BBC27800D45EF1 /* SBActivityIndicator */ = {
			isa = PBXGroup;
			children = (
				07B8743522BBC27800D45EF1 /* AppDelegate.swift */,
				07B8743722BBC27800D45EF1 /* ViewController.swift */,
				07B8743922BBC27800D45EF1 /* Main.storyboard */,
				07B8743E22BBC27B00D45EF1 /* LaunchScreen.storyboard */,
				07B8743C22BBC27B00D45EF1 /* Assets.xcassets */,
				07B8744122BBC27B00D45EF1 /* Info.plist */,
				07B8744722BBC34400D45EF1 /* ActivityIndicatorView */,
			);
			path = SBActivityIndicator;
			sourceTree = "<group>";
		};
		07B8744722BBC34400D45EF1 /* ActivityIndicatorView */ = {
			isa = PBXGroup;
			children = (
				07B8744822BBC39900D45EF1 /* SBActivityIndicatorView.swift */,
				07B8744922BBC39900D45EF1 /* SBActivityIndicatorView.xib */,
			);
			path = ActivityIndicatorView;
			sourceTree = "<group>";
		};
/* End PBXGroup section */

/* Begin PBXNativeTarget section */
		07B8743122BBC27800D45EF1 /* SBActivityIndicator */ = {
			isa = PBXNativeTarget;
			buildConfigurationList = 07B8744422BBC27B00D45EF1 /* Build configuration list for PBXNativeTarget "SBActivityIndicator" */;
			buildPhases = (
				07B8742E22BBC27800D45EF1 /* Sources */,
				07B8742F22BBC27800D45EF1 /* Frameworks */,
				07B8743022BBC27800D45EF1 /* Resources */,
			);
			buildRules = (
			);
			dependencies = (
			);
			name = SBActivityIndicator;
			productName = SBActivityIndicator;
			productReference = 07B8743222BBC27800D45EF1 /* SBActivityIndicator.app */;
			productType = "com.apple.product-type.application";
		};
/* End PBXNativeTarget section */

/* Begin PBXProject section */
		07B8742A22BBC27800D45EF1 /* Project object */ = {
			isa = PBXProject;
			attributes = {
				LastSwiftUpdateCheck = 1020;
				LastUpgradeCheck = 1020;
				ORGANIZATIONNAME = "SB Studios";
				TargetAttributes = {
					07B8743122BBC27800D45EF1 = {
						CreatedOnToolsVersion = 10.2.1;
					};
				};
			};
			buildConfigurationList = 07B8742D22BBC27800D45EF1 /* Build configuration list for PBXProject "SBActivityIndicator" */;
			compatibilityVersion = "Xcode 9.3";
			developmentRegion = en;
			hasScannedForEncodings = 0;
			knownRegions = (
				en,
				Base,
			);
			mainGroup = 07B8742922BBC27800D45EF1;
			productRefGroup = 07B8743322BBC27800D45EF1 /* Products */;
			projectDirPath = "";
			projectRoot = "";
			targets = (
				07B8743122BBC27800D45EF1 /* SBActivityIndicator */,
			);
		};
/* End PBXProject section */

/* Begin PBXResourcesBuildPhase section */
		07B8743022BBC27800D45EF1 /* Resources */ = {
			isa = PBXResourcesBuildPhase;
			buildActionMask = 2147483647;
			files = (
				07B8744B22BBC39900D45EF1 /* SBActivityIndicatorView.xib in Resources */,
				07B8744022BBC27B00D45EF1 /* LaunchScreen.storyboard in Resources */,
				07B8743D22BBC27B00D45EF1 /* Assets.xcassets in Resources */,
				07B8743B22BBC27800D45EF1 /* Main.storyboard in Resources */,
			);
			runOnlyForDeploymentPostprocessing = 0;
		};
/* End PBXResourcesBuildPhase section */

/* Begin PBXSourcesBuildPhase section */
		07B8742E22BBC27800D45EF1 /* Sources */ = {
			isa = PBXSourcesBuildPhase;
			buildActionMask = 2147483647;
			files = (
				07B8743822BBC27800D45EF1 /* ViewController.swift in Sources */,
				07B8743622BBC27800D45EF1 /* AppDelegate.swift in Sources */,
				07B8744A22BBC39900D45EF1 /* SBActivityIndicatorView.swift in Sources */,
			);
			runOnlyForDeploymentPostprocessing = 0;
		};
/* End PBXSourcesBuildPhase section */

/* Begin PBXVariantGroup section */
		07B8743922BBC27800D45EF1 /* Main.storyboard */ = {
			isa = PBXVariantGroup;
			children = (
				07B8743A22BBC27800D45EF1 /* Base */,
			);
			name = Main.storyboard;
			sourceTree = "<group>";
		};
		07B8743E22BBC27B00D45EF1 /* LaunchScreen.storyboard */ = {
			isa = PBXVariantGroup;
			children = (
				07B8743F22BBC27B00D45EF1 /* Base */,
			);
			name = LaunchScreen.storyboard;
			sourceTree = "<group>";
		};
/* End PBXVariantGroup section */

/* Begin XCBuildConfiguration section */
		07B8744222BBC27B00D45EF1 /* Debug */ = {
			isa = XCBuildConfiguration;
			buildSettings = {
				ALWAYS_SEARCH_USER_PATHS = NO;
				CLANG_ANALYZER_NONNULL = YES;
				CLANG_ANALYZER_NUMBER_OBJECT_CONVERSION = YES_AGGRESSIVE;
				CLANG_CXX_LANGUAGE_STANDARD = "gnu++14";
				CLANG_CXX_LIBRARY = "libc++";
				CLANG_ENABLE_MODULES = YES;
				CLANG_ENABLE_OBJC_ARC = YES;
				CLANG_ENABLE_OBJC_WEAK = YES;
				CLANG_WARN_BLOCK_CAPTURE_AUTORELEASING = YES;
				CLANG_WARN_BOOL_CONVERSION = YES;
				CLANG_WARN_COMMA = YES;
				CLANG_WARN_CONSTANT_CONVERSION = YES;
				CLANG_WARN_DEPRECATED_OBJC_IMPLEMENTATIONS = YES;
				CLANG_WARN_DIRECT_OBJC_ISA_USAGE = YES_ERROR;
				CLANG_WARN_DOCUMENTATION_COMMENTS = YES;
				CLANG_WARN_EMPTY_BODY = YES;
				CLANG_WARN_ENUM_CONVERSION = YES;
				CLANG_WARN_INFINITE_RECURSION = YES;
				CLANG_WARN_INT_CONVERSION = YES;
				CLANG_WARN_NON_LITERAL_NULL_CONVERSION = YES;
				CLANG_WARN_OBJC_IMPLICIT_RETAIN_SELF = YES;
				CLANG_WARN_OBJC_LITERAL_CONVERSION = YES;
				CLANG_WARN_OBJC_ROOT_CLASS = YES_ERROR;
				CLANG_WARN_RANGE_LOOP_ANALYSIS = YES;
				CLANG_WARN_STRICT_PROTOTYPES = YES;
				CLANG_WARN_SUSPICIOUS_MOVE = YES;
				CLANG_WARN_UNGUARDED_AVAILABILITY = YES_AGGRESSIVE;
				CLANG_WARN_UNREACHABLE_CODE = YES;
				CLANG_WARN__DUPLICATE_METHOD_MATCH = YES;
				CODE_SIGN_IDENTITY = "iPhone Developer";
				COPY_PHASE_STRIP = NO;
				DEBUG_INFORMATION_FORMAT = dwarf;
				ENABLE_STRICT_OBJC_MSGSEND = YES;
				ENABLE_TESTABILITY = YES;
				GCC_C_LANGUAGE_STANDARD = gnu11;
				GCC_DYNAMIC_NO_PIC = NO;
				GCC_NO_COMMON_BLOCKS = YES;
				GCC_OPTIMIZATION_LEVEL = 0;
				GCC_PREPROCESSOR_DEFINITIONS = (
					"DEBUG=1",
					"$(inherited)",
				);
				GCC_WARN_64_TO_32_BIT_CONVERSION = YES;
				GCC_WARN_ABOUT_RETURN_TYPE = YES_ERROR;
				GCC_WARN_UNDECLARED_SELECTOR = YES;
				GCC_WARN_UNINITIALIZED_AUTOS = YES_AGGRESSIVE;
				GCC_WARN_UNUSED_FUNCTION = YES;
				GCC_WARN_UNUSED_VARIABLE = YES;
				IPHONEOS_DEPLOYMENT_TARGET = 12.2;
				MTL_ENABLE_DEBUG_INFO = INCLUDE_SOURCE;
				MTL_FAST_MATH = YES;
				ONLY_ACTIVE_ARCH = YES;
				SDKROOT = iphoneos;
				SWIFT_ACTIVE_COMPILATION_CONDITIONS = DEBUG;
				SWIFT_OPTIMIZATION_LEVEL = "-Onone";
			};
			name = Debug;
		};
		07B8744322BBC27B00D45EF1 /* Release */ = {
			isa = XCBuildConfiguration;
			buildSettings = {
				ALWAYS_SEARCH_USER_PATHS = NO;
				CLANG_ANALYZER_NONNULL = YES;
				CLANG_ANALYZER_NUMBER_OBJECT_CONVERSION = YES_AGGRESSIVE;
				CLANG_CXX_LANGUAGE_STANDARD = "gnu++14";
				CLANG_CXX_LIBRARY = "libc++";
				CLANG_ENABLE_MODULES = YES;
				CLANG_ENABLE_OBJC_ARC = YES;
				CLANG_ENABLE_OBJC_WEAK = YES;
				CLANG_WARN_BLOCK_CAPTURE_AUTORELEASING = YES;
				CLANG_WARN_BOOL_CONVERSION = YES;
				CLANG_WARN_COMMA = YES;
				CLANG_WARN_CONSTANT_CONVERSION = YES;
				CLANG_WARN_DEPRECATED_OBJC_IMPLEMENTATIONS = YES;
				CLANG_WARN_DIRECT_OBJC_ISA_USAGE = YES_ERROR;
				CLANG_WARN_DOCUMENTATION_COMMENTS = YES;
				CLANG_WARN_EMPTY_BODY = YES;
				CLANG_WARN_ENUM_CONVERSION = YES;
				CLANG_WARN_INFINITE_RECURSION = YES;
				CLANG_WARN_INT_CONVERSION = YES;
				CLANG_WARN_NON_LITERAL_NULL_CONVERSION = YES;
				CLANG_WARN_OBJC_IMPLICIT_RETAIN_SELF = YES;
				CLANG_WARN_OBJC_LITERAL_CONVERSION = YES;
				CLANG_WARN_OBJC_ROOT_CLASS = YES_ERROR;
				CLANG_WARN_RANGE_LOOP_ANALYSIS = YES;
				CLANG_WARN_STRICT_PROTOTYPES = YES;
				CLANG_WARN_SUSPICIOUS_MOVE = YES;
				CLANG_WARN_UNGUARDED_AVAILABILITY = YES_AGGRESSIVE;
				CLANG_WARN_UNREACHABLE_CODE = YES;
				CLANG_WARN__DUPLICATE_METHOD_MATCH = YES;
				CODE_SIGN_IDENTITY = "iPhone Developer";
				COPY_PHASE_STRIP = NO;
				DEBUG_INFORMATION_FORMAT = "dwarf-with-dsym";
				ENABLE_NS_ASSERTIONS = NO;
				ENABLE_STRICT_OBJC_MSGSEND = YES;
				GCC_C_LANGUAGE_STANDARD = gnu11;
				GCC_NO_COMMON_BLOCKS = YES;
				GCC_WARN_64_TO_32_BIT_CONVERSION = YES;
				GCC_WARN_ABOUT_RETURN_TYPE = YES_ERROR;
				GCC_WARN_UNDECLARED_SELECTOR = YES;
				GCC_WARN_UNINITIALIZED_AUTOS = YES_AGGRESSIVE;
				GCC_WARN_UNUSED_FUNCTION = YES;
				GCC_WARN_UNUSED_VARIABLE = YES;
				IPHONEOS_DEPLOYMENT_TARGET = 12.2;
				MTL_ENABLE_DEBUG_INFO = NO;
				MTL_FAST_MATH = YES;
				SDKROOT = iphoneos;
				SWIFT_COMPILATION_MODE = wholemodule;
				SWIFT_OPTIMIZATION_LEVEL = "-O";
				VALIDATE_PRODUCT = YES;
			};
			name = Release;
		};
		07B8744522BBC27B00D45EF1 /* Debug */ = {
			isa = XCBuildConfiguration;
			buildSettings = {
				ASSETCATALOG_COMPILER_APPICON_NAME = AppIcon;
				CODE_SIGN_STYLE = Manual;
				DEVELOPMENT_TEAM = "";
				INFOPLIST_FILE = SBActivityIndicator/Info.plist;
				LD_RUNPATH_SEARCH_PATHS = (
					"$(inherited)",
					"@executable_path/Frameworks",
				);
				PRODUCT_BUNDLE_IDENTIFIER = "com.SB-Studios.SBActivityIndicator";
				PRODUCT_NAME = "$(TARGET_NAME)";
				PROVISIONING_PROFILE_SPECIFIER = "";
				SWIFT_VERSION = 5.0;
				TARGETED_DEVICE_FAMILY = "1,2";
			};
			name = Debug;
		};
		07B8744622BBC27B00D45EF1 /* Release */ = {
			isa = XCBuildConfiguration;
			buildSettings = {
				ASSETCATALOG_COMPILER_APPICON_NAME = AppIcon;
				CODE_SIGN_STYLE = Manual;
				DEVELOPMENT_TEAM = "";
				INFOPLIST_FILE = SBActivityIndicator/Info.plist;
				LD_RUNPATH_SEARCH_PATHS = (
					"$(inherited)",
					"@executable_path/Frameworks",
				);
				PRODUCT_BUNDLE_IDENTIFIER = "com.SB-Studios.SBActivityIndicator";
				PRODUCT_NAME = "$(TARGET_NAME)";
				PROVISIONING_PROFILE_SPECIFIER = "";
				SWIFT_VERSION = 5.0;
				TARGETED_DEVICE_FAMILY = "1,2";
			};
			name = Release;
		};
/* End XCBuildConfiguration section */

/* Begin XCConfigurationList section */
		07B8742D22BBC27800D45EF1 /* Build configuration list for PBXProject "SBActivityIndicator" */ = {
			isa = XCConfigurationList;
			buildConfigurations = (
				07B8744222BBC27B00D45EF1 /* Debug */,
				07B8744322BBC27B00D45EF1 /* Release */,
			);
			defaultConfigurationIsVisible = 0;
			defaultConfigurationName = Release;
		};
		07B8744422BBC27B00D45EF1 /* Build configuration list for PBXNativeTarget "SBActivityIndicator" */ = {
			isa = XCConfigurationList;
			buildConfigurations = (
				07B8744522BBC27B00D45EF1 /* Debug */,
				07B8744622BBC27B00D45EF1 /* Release */,
			);
			defaultConfigurationIsVisible = 0;
			defaultConfigurationName = Release;
		};
/* End XCConfigurationList section */
	};
	rootObject = 07B8742A22BBC27800D45EF1 /* Project object */;
}
